
Microsoft Visual Studio Solution File, Format Version 12.00
Project("{FAE04EC0-301F-11D3-BF4B-00C04F79EFBC}") = "Maple2.Server", "Maple2.Server\Maple2.Server.csproj", "{1B08D511-ADEF-4CDC-B448-BBAB08E79EA6}"
EndProject
Project("{FAE04EC0-301F-11D3-BF4B-00C04F79EFBC}") = "Maple2.Database", "Maple2.Database\Maple2.Database.csproj", "{B2B4EC86-164D-4723-A0AA-428810D761D9}"
EndProject
Project("{FAE04EC0-301F-11D3-BF4B-00C04F79EFBC}") = "Maple2.Model", "Maple2.Model\Maple2.Model.csproj", "{21491E48-28A7-4643-B1D9-A9330581395D}"
EndProject
Project("{FAE04EC0-301F-11D3-BF4B-00C04F79EFBC}") = "Maple2.Tools", "Maple2.Tools\Maple2.Tools.csproj", "{40400AA8-36E6-4704-969F-447ECFFDBE0B}"
EndProject
Project("{FAE04EC0-301F-11D3-BF4B-00C04F79EFBC}") = "Maple2.File.Ingest", "Maple2.File.Ingest\Maple2.File.Ingest.csproj", "{A7478B44-723D-447C-9533-0BABDD9BD1FF}"
EndProject
Project("{FAE04EC0-301F-11D3-BF4B-00C04F79EFBC}") = "Maple2.Server.World", "Maple2.Server.World\Maple2.Server.World.csproj", "{0D7A7D52-CA81-40FD-ADA4-F94C61991809}"
EndProject
Project("{FAE04EC0-301F-11D3-BF4B-00C04F79EFBC}") = "Maple2.Server.Core", "Maple2.Server.Core\Maple2.Server.Core.csproj", "{1AE01DB0-C088-4CC1-8B5E-B6734A5F7FC4}"
EndProject
Project("{FAE04EC0-301F-11D3-BF4B-00C04F79EFBC}") = "Maple2.Server.Login", "Maple2.Server.Login\Maple2.Server.Login.csproj", "{71EF6666-0E40-4AD5-82F7-9C4AB61663C7}"
EndProject
Project("{FAE04EC0-301F-11D3-BF4B-00C04F79EFBC}") = "Maple2.Server.Game", "Maple2.Server.Game\Maple2.Server.Game.csproj", "{43DBD813-5041-4054-8366-69004E2A931C}"
EndProject
Project("{FAE04EC0-301F-11D3-BF4B-00C04F79EFBC}") = "Maple2.Script", "Maple2.Script\Maple2.Script.csproj", "{68509000-B243-4CF9-A042-37A5F7D6DBA0}"
EndProject
Global
	GlobalSection(SolutionConfigurationPlatforms) = preSolution
		Debug|Any CPU = Debug|Any CPU
		Release|Any CPU = Release|Any CPU
	EndGlobalSection
	GlobalSection(ProjectConfigurationPlatforms) = postSolution
		{1B08D511-ADEF-4CDC-B448-BBAB08E79EA6}.Debug|Any CPU.ActiveCfg = Debug|Any CPU
		{1B08D511-ADEF-4CDC-B448-BBAB08E79EA6}.Debug|Any CPU.Build.0 = Debug|Any CPU
		{1B08D511-ADEF-4CDC-B448-BBAB08E79EA6}.Release|Any CPU.ActiveCfg = Release|Any CPU
		{1B08D511-ADEF-4CDC-B448-BBAB08E79EA6}.Release|Any CPU.Build.0 = Release|Any CPU
		{B2B4EC86-164D-4723-A0AA-428810D761D9}.Debug|Any CPU.ActiveCfg = Debug|Any CPU
		{B2B4EC86-164D-4723-A0AA-428810D761D9}.Debug|Any CPU.Build.0 = Debug|Any CPU
		{B2B4EC86-164D-4723-A0AA-428810D761D9}.Release|Any CPU.ActiveCfg = Release|Any CPU
		{B2B4EC86-164D-4723-A0AA-428810D761D9}.Release|Any CPU.Build.0 = Release|Any CPU
		{21491E48-28A7-4643-B1D9-A9330581395D}.Debug|Any CPU.ActiveCfg = Debug|Any CPU
		{21491E48-28A7-4643-B1D9-A9330581395D}.Debug|Any CPU.Build.0 = Debug|Any CPU
		{21491E48-28A7-4643-B1D9-A9330581395D}.Release|Any CPU.ActiveCfg = Release|Any CPU
		{21491E48-28A7-4643-B1D9-A9330581395D}.Release|Any CPU.Build.0 = Release|Any CPU
		{40400AA8-36E6-4704-969F-447ECFFDBE0B}.Debug|Any CPU.ActiveCfg = Debug|Any CPU
		{40400AA8-36E6-4704-969F-447ECFFDBE0B}.Debug|Any CPU.Build.0 = Debug|Any CPU
		{40400AA8-36E6-4704-969F-447ECFFDBE0B}.Release|Any CPU.ActiveCfg = Release|Any CPU
		{40400AA8-36E6-4704-969F-447ECFFDBE0B}.Release|Any CPU.Build.0 = Release|Any CPU
		{A7478B44-723D-447C-9533-0BABDD9BD1FF}.Debug|Any CPU.ActiveCfg = Debug|Any CPU
		{A7478B44-723D-447C-9533-0BABDD9BD1FF}.Debug|Any CPU.Build.0 = Debug|Any CPU
		{A7478B44-723D-447C-9533-0BABDD9BD1FF}.Release|Any CPU.ActiveCfg = Release|Any CPU
		{A7478B44-723D-447C-9533-0BABDD9BD1FF}.Release|Any CPU.Build.0 = Release|Any CPU
		{0D7A7D52-CA81-40FD-ADA4-F94C61991809}.Debug|Any CPU.ActiveCfg = Debug|Any CPU
		{0D7A7D52-CA81-40FD-ADA4-F94C61991809}.Debug|Any CPU.Build.0 = Debug|Any CPU
		{0D7A7D52-CA81-40FD-ADA4-F94C61991809}.Release|Any CPU.ActiveCfg = Release|Any CPU
		{0D7A7D52-CA81-40FD-ADA4-F94C61991809}.Release|Any CPU.Build.0 = Release|Any CPU
		{1AE01DB0-C088-4CC1-8B5E-B6734A5F7FC4}.Debug|Any CPU.ActiveCfg = Debug|Any CPU
		{1AE01DB0-C088-4CC1-8B5E-B6734A5F7FC4}.Debug|Any CPU.Build.0 = Debug|Any CPU
		{1AE01DB0-C088-4CC1-8B5E-B6734A5F7FC4}.Release|Any CPU.ActiveCfg = Release|Any CPU
		{1AE01DB0-C088-4CC1-8B5E-B6734A5F7FC4}.Release|Any CPU.Build.0 = Release|Any CPU
		{71EF6666-0E40-4AD5-82F7-9C4AB61663C7}.Debug|Any CPU.ActiveCfg = Debug|Any CPU
		{71EF6666-0E40-4AD5-82F7-9C4AB61663C7}.Debug|Any CPU.Build.0 = Debug|Any CPU
		{71EF6666-0E40-4AD5-82F7-9C4AB61663C7}.Release|Any CPU.ActiveCfg = Release|Any CPU
		{71EF6666-0E40-4AD5-82F7-9C4AB61663C7}.Release|Any CPU.Build.0 = Release|Any CPU
		{43DBD813-5041-4054-8366-69004E2A931C}.Debug|Any CPU.ActiveCfg = Debug|Any CPU
		{43DBD813-5041-4054-8366-69004E2A931C}.Debug|Any CPU.Build.0 = Debug|Any CPU
		{43DBD813-5041-4054-8366-69004E2A931C}.Release|Any CPU.ActiveCfg = Release|Any CPU
		{43DBD813-5041-4054-8366-69004E2A931C}.Release|Any CPU.Build.0 = Release|Any CPU
		{68509000-B243-4CF9-A042-37A5F7D6DBA0}.Debug|Any CPU.ActiveCfg = Debug|Any CPU
		{68509000-B243-4CF9-A042-37A5F7D6DBA0}.Debug|Any CPU.Build.0 = Debug|Any CPU
		{68509000-B243-4CF9-A042-37A5F7D6DBA0}.Release|Any CPU.ActiveCfg = Release|Any CPU
		{68509000-B243-4CF9-A042-37A5F7D6DBA0}.Release|Any CPU.Build.0 = Release|Any CPU
	EndGlobalSection
EndGlobal
